<?xml version="1.0" encoding="utf-8"?>
<Project ToolsVersion="4.0" xmlns="http://schemas.microsoft.com/developer/msbuild/2003">
  <ItemGroup>
    <Filter Include="Source Files">
      <UniqueIdentifier>{4FC737F1-C7A5-4376-A066-2A32D752A2FF}</UniqueIdentifier>
      <Extensions>cpp;c;cc;cxx;c++;cppm;ixx;def;odl;idl;hpj;bat;asm;asmx</Extensions>
    </Filter>
    <Filter Include="Header Files">
      <UniqueIdentifier>{93995380-89BD-4b04-88EB-625FBE52EBFB}</UniqueIdentifier>
      <Extensions>h;hh;hpp;hxx;h++;hm;inl;inc;ipp;xsd</Extensions>
    </Filter>
    <Filter Include="Resource Files">
      <UniqueIdentifier>{67DA6AB6-F800-4c08-8B7A-83BB121AAD01}</UniqueIdentifier>
      <Extensions>rc;ico;cur;bmp;dlg;rc2;rct;bin;rgs;gif;jpg;jpeg;jpe;resx;tiff;tif;png;wav;mfcribbon-ms</Extensions>
    </Filter>
    <Filter Include="ftx_api">
      <UniqueIdentifier>{8f3c5935-9fec-44b9-9bbc-1bfc58c9549a}</UniqueIdentifier>
    </Filter>
  </ItemGroup>
  <ItemGroup>
    <ClCompile Include="..\src\ftx_api\ftx_http_session.cpp">
      <Filter>ftx_api</Filter>
    </ClCompile>
    <ClCompile Include="..\src\ftx_api\ftx_models.cpp">
      <Filter>ftx_api</Filter>
    </ClCompile>
    <ClCompile Include="..\src\ftx_api\ftx_rest_client.cpp">
      <Filter>ftx_api</Filter>
    </ClCompile>
    <ClCompile Include="..\src\ftx_api\ftx_websocket.cpp">
      <Filter>ftx_api</Filter>
    </ClCompile>
    <ClCompile Include="..\src\ftx_api\ftx_ws_client.cpp">
      <Filter>ftx_api</Filter>
    </ClCompile>
    <ClCompile Include="..\src\ftx_api\ftx_ws_stream_manager.cpp">
      <Filter>ftx_api</Filter>
    </ClCompile>
    <ClCompile Include="..\src\ftx_api\utils.cpp">
      <Filter>ftx_api</Filter>
    </ClCompile>
    <ClCompile Include="..\src\ftx.cpp">
      <Filter>Source Files</Filter>
    </ClCompile>
    <ClCompile Include="..\src\stdafx.cpp">
      <Filter>Source Files</Filter>
    </ClCompile>
    <ClCompile Include="..\dllmain.cpp">
      <Filter>Source Files</Filter>
    </ClCompile>
  </ItemGroup>
</Project>